
Microsoft Visual Studio Solution File, Format Version 12.00
# Visual Studio Version 17
VisualStudioVersion = 17.2.32505.173
MinimumVisualStudioVersion = 10.0.40219.1
Project("{FAE04EC0-301F-11D3-BF4B-00C04F79EFBC}") = "GenGcode", "GenGcode.csproj", "{7490C9C3-1CE2-4E8E-B9E0-AEEA63872862}"
EndProject
Global
	GlobalSection(SolutionConfigurationPlatforms) = preSolution
		Debug|Any CPU = Debug|Any CPU
		Release|Any CPU = Release|Any CPU
	EndGlobalSection
	GlobalSection(ProjectConfigurationPlatforms) = postSolution
		{7490C9C3-1CE2-4E8E-B9E0-AEEA63872862}.Debug|Any CPU.ActiveCfg = Debug|Any CPU
		{7490C9C3-1CE2-4E8E-B9E0-AEEA63872862}.Debug|Any CPU.Build.0 = Debug|Any CPU
		{7490C9C3-1CE2-4E8E-B9E0-AEEA63872862}.Release|Any CPU.ActiveCfg = Release|Any CPU
		{7490C9C3-1CE2-4E8E-B9E0-AEEA63872862}.Release|Any CPU.Build.0 = Release|Any CPU
	EndGlobalSection
	GlobalSection(SolutionProperties) = preSolution
		HideSolutionNode = FALSE
	EndGlobalSection
	GlobalSection(ExtensibilityGlobals) = postSolution
		SolutionGuid = {1B73D73C-628D-47DA-A8F3-1F003B6DE5B9}
	EndGlobalSection
EndGlobal
